// !$*UTF8*$!
{
	archiveVersion = 1;
	classes = {
	};
	objectVersion = 56;
	objects = {

/* Begin PBXBuildFile section */
		FC1C0C8A2C70DA980091BC59 /* AppDelegate.swift in Sources */ = {isa = PBXBuildFile; fileRef = FC1C0C892C70DA980091BC59 /* AppDelegate.swift */; };
		FC1C0C8C2C70DA980091BC59 /* SceneDelegate.swift in Sources */ = {isa = PBXBuildFile; fileRef = FC1C0C8B2C70DA980091BC59 /* SceneDelegate.swift */; };
		FC1C0C8E2C70DA980091BC59 /* ViewController.swift in Sources */ = {isa = PBXBuildFile; fileRef = FC1C0C8D2C70DA980091BC59 /* ViewController.swift */; };
		FC1C0C912C70DA980091BC59 /* Main.storyboard in Resources */ = {isa = PBXBuildFile; fileRef = FC1C0C8F2C70DA980091BC59 /* Main.storyboard */; };
		FC1C0C932C70DA990091BC59 /* Assets.xcassets in Resources */ = {isa = PBXBuildFile; fileRef = FC1C0C922C70DA990091BC59 /* Assets.xcassets */; };
		FC1C0C962C70DA990091BC59 /* LaunchScreen.storyboard in Resources */ = {isa = PBXBuildFile; fileRef = FC1C0C942C70DA990091BC59 /* LaunchScreen.storyboard */; };
		FC7D7FEB2C71FE2200818A02 /* ProfileViewController.swift in Sources */ = {isa = PBXBuildFile; fileRef = FC7D7FEA2C71FE2200818A02 /* ProfileViewController.swift */; };
		FC7D7FED2C7200A600818A02 /* SimpleMovieCell.swift in Sources */ = {isa = PBXBuildFile; fileRef = FC7D7FEC2C7200A600818A02 /* SimpleMovieCell.swift */; };
		FCA300B82C7210490042CC69 /* Movie.swift in Sources */ = {isa = PBXBuildFile; fileRef = FCA300B72C7210490042CC69 /* Movie.swift */; };
		FCA300BB2C7215190042CC69 /* AlamofireImage in Frameworks */ = {isa = PBXBuildFile; productRef = FCA300BA2C7215190042CC69 /* AlamofireImage */; };
		FCA300BD2C7218550042CC69 /* User.swift in Sources */ = {isa = PBXBuildFile; fileRef = FCA300BC2C7218550042CC69 /* User.swift */; };
		FCA300BF2C7218B30042CC69 /* MovieListItem.swift in Sources */ = {isa = PBXBuildFile; fileRef = FCA300BE2C7218B30042CC69 /* MovieListItem.swift */; };
/* End PBXBuildFile section */

/* Begin PBXFileReference section */
		FC1C0C862C70DA980091BC59 /* TrackIt.app */ = {isa = PBXFileReference; explicitFileType = wrapper.application; includeInIndex = 0; path = TrackIt.app; sourceTree = BUILT_PRODUCTS_DIR; };
		FC1C0C892C70DA980091BC59 /* AppDelegate.swift */ = {isa = PBXFileReference; lastKnownFileType = sourcecode.swift; path = AppDelegate.swift; sourceTree = "<group>"; };
		FC1C0C8B2C70DA980091BC59 /* SceneDelegate.swift */ = {isa = PBXFileReference; lastKnownFileType = sourcecode.swift; path = SceneDelegate.swift; sourceTree = "<group>"; };
		FC1C0C8D2C70DA980091BC59 /* ViewController.swift */ = {isa = PBXFileReference; lastKnownFileType = sourcecode.swift; path = ViewController.swift; sourceTree = "<group>"; };
		FC1C0C902C70DA980091BC59 /* Base */ = {isa = PBXFileReference; lastKnownFileType = file.storyboard; name = Base; path = Base.lproj/Main.storyboard; sourceTree = "<group>"; };
		FC1C0C922C70DA990091BC59 /* Assets.xcassets */ = {isa = PBXFileReference; lastKnownFileType = folder.assetcatalog; path = Assets.xcassets; sourceTree = "<group>"; };
		FC1C0C952C70DA990091BC59 /* Base */ = {isa = PBXFileReference; lastKnownFileType = file.storyboard; name = Base; path = Base.lproj/LaunchScreen.storyboard; sourceTree = "<group>"; };
		FC1C0C972C70DA990091BC59 /* Info.plist */ = {isa = PBXFileReference; lastKnownFileType = text.plist.xml; path = Info.plist; sourceTree = "<group>"; };
		FC7D7FEA2C71FE2200818A02 /* ProfileViewController.swift */ = {isa = PBXFileReference; lastKnownFileType = sourcecode.swift; path = ProfileViewController.swift; sourceTree = "<group>"; };
		FC7D7FEC2C7200A600818A02 /* SimpleMovieCell.swift */ = {isa = PBXFileReference; lastKnownFileType = sourcecode.swift; path = SimpleMovieCell.swift; sourceTree = "<group>"; };
		FCA300B72C7210490042CC69 /* Movie.swift */ = {isa = PBXFileReference; lastKnownFileType = sourcecode.swift; path = Movie.swift; sourceTree = "<group>"; };
		FCA300BC2C7218550042CC69 /* User.swift */ = {isa = PBXFileReference; lastKnownFileType = sourcecode.swift; path = User.swift; sourceTree = "<group>"; };
		FCA300BE2C7218B30042CC69 /* MovieListItem.swift */ = {isa = PBXFileReference; lastKnownFileType = sourcecode.swift; path = MovieListItem.swift; sourceTree = "<group>"; };
/* End PBXFileReference section */

/* Begin PBXFrameworksBuildPhase section */
		FC1C0C832C70DA980091BC59 /* Frameworks */ = {
			isa = PBXFrameworksBuildPhase;
			buildActionMask = 2147483647;
			files = (
				FCA300BB2C7215190042CC69 /* AlamofireImage in Frameworks */,
			);
			runOnlyForDeploymentPostprocessing = 0;
		};
/* End PBXFrameworksBuildPhase section */

/* Begin PBXGroup section */
		FC1C0C7D2C70DA980091BC59 = {
			isa = PBXGroup;
			children = (
				FC1C0C882C70DA980091BC59 /* TrackIt */,
				FC1C0C872C70DA980091BC59 /* Products */,
			);
			sourceTree = "<group>";
		};
		FC1C0C872C70DA980091BC59 /* Products */ = {
			isa = PBXGroup;
			children = (
				FC1C0C862C70DA980091BC59 /* TrackIt.app */,
			);
			name = Products;
			sourceTree = "<group>";
		};
		FC1C0C882C70DA980091BC59 /* TrackIt */ = {
			isa = PBXGroup;
			children = (
				FC7D7FEA2C71FE2200818A02 /* ProfileViewController.swift */,
				FC1C0C892C70DA980091BC59 /* AppDelegate.swift */,
				FC1C0C8B2C70DA980091BC59 /* SceneDelegate.swift */,
				FC1C0C8D2C70DA980091BC59 /* ViewController.swift */,
				FC1C0C8F2C70DA980091BC59 /* Main.storyboard */,
				FC1C0C922C70DA990091BC59 /* Assets.xcassets */,
				FC1C0C942C70DA990091BC59 /* LaunchScreen.storyboard */,
				FC1C0C972C70DA990091BC59 /* Info.plist */,
				FC7D7FEC2C7200A600818A02 /* SimpleMovieCell.swift */,
				FCA300B72C7210490042CC69 /* Movie.swift */,
				FCA300BC2C7218550042CC69 /* User.swift */,
				FCA300BE2C7218B30042CC69 /* MovieListItem.swift */,
			);
			path = TrackIt;
			sourceTree = "<group>";
		};
/* End PBXGroup section */

/* Begin PBXNativeTarget section */
		FC1C0C852C70DA980091BC59 /* TrackIt */ = {
			isa = PBXNativeTarget;
			buildConfigurationList = FC1C0C9A2C70DA990091BC59 /* Build configuration list for PBXNativeTarget "TrackIt" */;
			buildPhases = (
				FC1C0C822C70DA980091BC59 /* Sources */,
				FC1C0C832C70DA980091BC59 /* Frameworks */,
				FC1C0C842C70DA980091BC59 /* Resources */,
			);
			buildRules = (
			);
			dependencies = (
			);
			name = TrackIt;
			packageProductDependencies = (
				FCA300BA2C7215190042CC69 /* AlamofireImage */,
			);
			productName = TrackIt;
			productReference = FC1C0C862C70DA980091BC59 /* TrackIt.app */;
			productType = "com.apple.product-type.application";
		};
/* End PBXNativeTarget section */

/* Begin PBXProject section */
		FC1C0C7E2C70DA980091BC59 /* Project object */ = {
			isa = PBXProject;
			attributes = {
				BuildIndependentTargetsInParallel = 1;
				LastSwiftUpdateCheck = 1430;
				LastUpgradeCheck = 1430;
				TargetAttributes = {
					FC1C0C852C70DA980091BC59 = {
						CreatedOnToolsVersion = 14.3;
					};
				};
			};
			buildConfigurationList = FC1C0C812C70DA980091BC59 /* Build configuration list for PBXProject "TrackIt" */;
			compatibilityVersion = "Xcode 14.0";
			developmentRegion = en;
			hasScannedForEncodings = 0;
			knownRegions = (
				en,
				Base,
			);
			mainGroup = FC1C0C7D2C70DA980091BC59;
			packageReferences = (
				FCA300B92C7215190042CC69 /* XCRemoteSwiftPackageReference "AlamofireImage" */,
			);
			productRefGroup = FC1C0C872C70DA980091BC59 /* Products */;
			projectDirPath = "";
			projectRoot = "";
			targets = (
				FC1C0C852C70DA980091BC59 /* TrackIt */,
			);
		};
/* End PBXProject section */

/* Begin PBXResourcesBuildPhase section */
		FC1C0C842C70DA980091BC59 /* Resources */ = {
			isa = PBXResourcesBuildPhase;
			buildActionMask = 2147483647;
			files = (
				FC1C0C962C70DA990091BC59 /* LaunchScreen.storyboard in Resources */,
				FC1C0C932C70DA990091BC59 /* Assets.xcassets in Resources */,
				FC1C0C912C70DA980091BC59 /* Main.storyboard in Resources */,
			);
			runOnlyForDeploymentPostprocessing = 0;
		};
/* End PBXResourcesBuildPhase section */

/* Begin PBXSourcesBuildPhase section */
		FC1C0C822C70DA980091BC59 /* Sources */ = {
			isa = PBXSourcesBuildPhase;
			buildActionMask = 2147483647;
			files = (
				FC1C0C8E2C70DA980091BC59 /* ViewController.swift in Sources */,
				FCA300BF2C7218B30042CC69 /* MovieListItem.swift in Sources */,
				FC1C0C8A2C70DA980091BC59 /* AppDelegate.swift in Sources */,
				FCA300B82C7210490042CC69 /* Movie.swift in Sources */,
				FC7D7FEB2C71FE2200818A02 /* ProfileViewController.swift in Sources */,
				FC7D7FED2C7200A600818A02 /* SimpleMovieCell.swift in Sources */,
				FC1C0C8C2C70DA980091BC59 /* SceneDelegate.swift in Sources */,
				FCA300BD2C7218550042CC69 /* User.swift in Sources */,
			);
			runOnlyForDeploymentPostprocessing = 0;
		};
/* End PBXSourcesBuildPhase section */

/* Begin PBXVariantGroup section */
		FC1C0C8F2C70DA980091BC59 /* Main.storyboard */ = {
			isa = PBXVariantGroup;
			children = (
				FC1C0C902C70DA980091BC59 /* Base */,
			);
			name = Main.storyboard;
			sourceTree = "<group>";
		};
		FC1C0C942C70DA990091BC59 /* LaunchScreen.storyboard */ = {
			isa = PBXVariantGroup;
			children = (
				FC1C0C952C70DA990091BC59 /* Base */,
			);
			name = LaunchScreen.storyboard;
			sourceTree = "<group>";
		};
/* End PBXVariantGroup section */

/* Begin XCBuildConfiguration section */
		FC1C0C982C70DA990091BC59 /* Debug */ = {
			isa = XCBuildConfiguration;
			buildSettings = {
				ALWAYS_SEARCH_USER_PATHS = NO;
				CLANG_ANALYZER_NONNULL = YES;
				CLANG_ANALYZER_NUMBER_OBJECT_CONVERSION = YES_AGGRESSIVE;
				CLANG_CXX_LANGUAGE_STANDARD = "gnu++20";
				CLANG_ENABLE_MODULES = YES;
				CLANG_ENABLE_OBJC_ARC = YES;
				CLANG_ENABLE_OBJC_WEAK = YES;
				CLANG_WARN_BLOCK_CAPTURE_AUTORELEASING = YES;
				CLANG_WARN_BOOL_CONVERSION = YES;
				CLANG_WARN_COMMA = YES;
				CLANG_WARN_CONSTANT_CONVERSION = YES;
				CLANG_WARN_DEPRECATED_OBJC_IMPLEMENTATIONS = YES;
				CLANG_WARN_DIRECT_OBJC_ISA_USAGE = YES_ERROR;
				CLANG_WARN_DOCUMENTATION_COMMENTS = YES;
				CLANG_WARN_EMPTY_BODY = YES;
				CLANG_WARN_ENUM_CONVERSION = YES;
				CLANG_WARN_INFINITE_RECURSION = YES;
				CLANG_WARN_INT_CONVERSION = YES;
				CLANG_WARN_NON_LITERAL_NULL_CONVERSION = YES;
				CLANG_WARN_OBJC_IMPLICIT_RETAIN_SELF = YES;
				CLANG_WARN_OBJC_LITERAL_CONVERSION = YES;
				CLANG_WARN_OBJC_ROOT_CLASS = YES_ERROR;
				CLANG_WARN_QUOTED_INCLUDE_IN_FRAMEWORK_HEADER = YES;
				CLANG_WARN_RANGE_LOOP_ANALYSIS = YES;
				CLANG_WARN_STRICT_PROTOTYPES = YES;
				CLANG_WARN_SUSPICIOUS_MOVE = YES;
				CLANG_WARN_UNGUARDED_AVAILABILITY = YES_AGGRESSIVE;
				CLANG_WARN_UNREACHABLE_CODE = YES;
				CLANG_WARN__DUPLICATE_METHOD_MATCH = YES;
				COPY_PHASE_STRIP = NO;
				DEBUG_INFORMATION_FORMAT = dwarf;
				ENABLE_STRICT_OBJC_MSGSEND = YES;
				ENABLE_TESTABILITY = YES;
				GCC_C_LANGUAGE_STANDARD = gnu11;
				GCC_DYNAMIC_NO_PIC = NO;
				GCC_NO_COMMON_BLOCKS = YES;
				GCC_OPTIMIZATION_LEVEL = 0;
				GCC_PREPROCESSOR_DEFINITIONS = (
					"DEBUG=1",
					"$(inherited)",
				);
				GCC_WARN_64_TO_32_BIT_CONVERSION = YES;
				GCC_WARN_ABOUT_RETURN_TYPE = YES_ERROR;
				GCC_WARN_UNDECLARED_SELECTOR = YES;
				GCC_WARN_UNINITIALIZED_AUTOS = YES_AGGRESSIVE;
				GCC_WARN_UNUSED_FUNCTION = YES;
				GCC_WARN_UNUSED_VARIABLE = YES;
				IPHONEOS_DEPLOYMENT_TARGET = 16.4;
				MTL_ENABLE_DEBUG_INFO = INCLUDE_SOURCE;
				MTL_FAST_MATH = YES;
				ONLY_ACTIVE_ARCH = YES;
				SDKROOT = iphoneos;
				SWIFT_ACTIVE_COMPILATION_CONDITIONS = DEBUG;
				SWIFT_OPTIMIZATION_LEVEL = "-Onone";
			};
			name = Debug;
		};
		FC1C0C992C70DA990091BC59 /* Release */ = {
			isa = XCBuildConfiguration;
			buildSettings = {
				ALWAYS_SEARCH_USER_PATHS = NO;
				CLANG_ANALYZER_NONNULL = YES;
				CLANG_ANALYZER_NUMBER_OBJECT_CONVERSION = YES_AGGRESSIVE;
				CLANG_CXX_LANGUAGE_STANDARD = "gnu++20";
				CLANG_ENABLE_MODULES = YES;
				CLANG_ENABLE_OBJC_ARC = YES;
				CLANG_ENABLE_OBJC_WEAK = YES;
				CLANG_WARN_BLOCK_CAPTURE_AUTORELEASING = YES;
				CLANG_WARN_BOOL_CONVERSION = YES;
				CLANG_WARN_COMMA = YES;
				CLANG_WARN_CONSTANT_CONVERSION = YES;
				CLANG_WARN_DEPRECATED_OBJC_IMPLEMENTATIONS = YES;
				CLANG_WARN_DIRECT_OBJC_ISA_USAGE = YES_ERROR;
				CLANG_WARN_DOCUMENTATION_COMMENTS = YES;
				CLANG_WARN_EMPTY_BODY = YES;
				CLANG_WARN_ENUM_CONVERSION = YES;
				CLANG_WARN_INFINITE_RECURSION = YES;
				CLANG_WARN_INT_CONVERSION = YES;
				CLANG_WARN_NON_LITERAL_NULL_CONVERSION = YES;
				CLANG_WARN_OBJC_IMPLICIT_RETAIN_SELF = YES;
				CLANG_WARN_OBJC_LITERAL_CONVERSION = YES;
				CLANG_WARN_OBJC_ROOT_CLASS = YES_ERROR;
				CLANG_WARN_QUOTED_INCLUDE_IN_FRAMEWORK_HEADER = YES;
				CLANG_WARN_RANGE_LOOP_ANALYSIS = YES;
				CLANG_WARN_STRICT_PROTOTYPES = YES;
				CLANG_WARN_SUSPICIOUS_MOVE = YES;
				CLANG_WARN_UNGUARDED_AVAILABILITY = YES_AGGRESSIVE;
				CLANG_WARN_UNREACHABLE_CODE = YES;
				CLANG_WARN__DUPLICATE_METHOD_MATCH = YES;
				COPY_PHASE_STRIP = NO;
				DEBUG_INFORMATION_FORMAT = "dwarf-with-dsym";
				ENABLE_NS_ASSERTIONS = NO;
				ENABLE_STRICT_OBJC_MSGSEND = YES;
				GCC_C_LANGUAGE_STANDARD = gnu11;
				GCC_NO_COMMON_BLOCKS = YES;
				GCC_WARN_64_TO_32_BIT_CONVERSION = YES;
				GCC_WARN_ABOUT_RETURN_TYPE = YES_ERROR;
				GCC_WARN_UNDECLARED_SELECTOR = YES;
				GCC_WARN_UNINITIALIZED_AUTOS = YES_AGGRESSIVE;
				GCC_WARN_UNUSED_FUNCTION = YES;
				GCC_WARN_UNUSED_VARIABLE = YES;
				IPHONEOS_DEPLOYMENT_TARGET = 16.4;
				MTL_ENABLE_DEBUG_INFO = NO;
				MTL_FAST_MATH = YES;
				SDKROOT = iphoneos;
				SWIFT_COMPILATION_MODE = wholemodule;
				SWIFT_OPTIMIZATION_LEVEL = "-O";
				VALIDATE_PRODUCT = YES;
			};
			name = Release;
		};
		FC1C0C9B2C70DA990091BC59 /* Debug */ = {
			isa = XCBuildConfiguration;
			buildSettings = {
				ASSETCATALOG_COMPILER_APPICON_NAME = AppIcon;
				ASSETCATALOG_COMPILER_GLOBAL_ACCENT_COLOR_NAME = AccentColor;
				CODE_SIGN_STYLE = Automatic;
				CURRENT_PROJECT_VERSION = 1;
				GENERATE_INFOPLIST_FILE = YES;
				INFOPLIST_FILE = TrackIt/Info.plist;
				INFOPLIST_KEY_UIApplicationSupportsIndirectInputEvents = YES;
				INFOPLIST_KEY_UILaunchStoryboardName = LaunchScreen;
				INFOPLIST_KEY_UIMainStoryboardFile = Main;
				INFOPLIST_KEY_UISupportedInterfaceOrientations = UIInterfaceOrientationPortrait;
				INFOPLIST_KEY_UISupportedInterfaceOrientations_iPad = "UIInterfaceOrientationPortrait UIInterfaceOrientationPortraitUpsideDown";
				LD_RUNPATH_SEARCH_PATHS = (
					"$(inherited)",
					"@executable_path/Frameworks",
				);
				MARKETING_VERSION = 1.0;
				PRODUCT_BUNDLE_IDENTIFIER = gilazani.TrackIt;
				PRODUCT_NAME = "$(TARGET_NAME)";
				SWIFT_EMIT_LOC_STRINGS = YES;
				SWIFT_VERSION = 5.0;
				TARGETED_DEVICE_FAMILY = "1,2";
			};
			name = Debug;
		};
		FC1C0C9C2C70DA990091BC59 /* Release */ = {
			isa = XCBuildConfiguration;
			buildSettings = {
				ASSETCATALOG_COMPILER_APPICON_NAME = AppIcon;
				ASSETCATALOG_COMPILER_GLOBAL_ACCENT_COLOR_NAME = AccentColor;
				CODE_SIGN_STYLE = Automatic;
				CURRENT_PROJECT_VERSION = 1;
				GENERATE_INFOPLIST_FILE = YES;
				INFOPLIST_FILE = TrackIt/Info.plist;
				INFOPLIST_KEY_UIApplicationSupportsIndirectInputEvents = YES;
				INFOPLIST_KEY_UILaunchStoryboardName = LaunchScreen;
				INFOPLIST_KEY_UIMainStoryboardFile = Main;
				INFOPLIST_KEY_UISupportedInterfaceOrientations = UIInterfaceOrientationPortrait;
				INFOPLIST_KEY_UISupportedInterfaceOrientations_iPad = "UIInterfaceOrientationPortrait UIInterfaceOrientationPortraitUpsideDown";
				LD_RUNPATH_SEARCH_PATHS = (
					"$(inherited)",
					"@executable_path/Frameworks",
				);
				MARKETING_VERSION = 1.0;
				PRODUCT_BUNDLE_IDENTIFIER = gilazani.TrackIt;
				PRODUCT_NAME = "$(TARGET_NAME)";
				SWIFT_EMIT_LOC_STRINGS = YES;
				SWIFT_VERSION = 5.0;
				TARGETED_DEVICE_FAMILY = "1,2";
			};
			name = Release;
		};
/* End XCBuildConfiguration section */

/* Begin XCConfigurationList section */
		FC1C0C812C70DA980091BC59 /* Build configuration list for PBXProject "TrackIt" */ = {
			isa = XCConfigurationList;
			buildConfigurations = (
				FC1C0C982C70DA990091BC59 /* Debug */,
				FC1C0C992C70DA990091BC59 /* Release */,
			);
			defaultConfigurationIsVisible = 0;
			defaultConfigurationName = Release;
		};
		FC1C0C9A2C70DA990091BC59 /* Build configuration list for PBXNativeTarget "TrackIt" */ = {
			isa = XCConfigurationList;
			buildConfigurations = (
				FC1C0C9B2C70DA990091BC59 /* Debug */,
				FC1C0C9C2C70DA990091BC59 /* Release */,
			);
			defaultConfigurationIsVisible = 0;
			defaultConfigurationName = Release;
		};
/* End XCConfigurationList section */

/* Begin XCRemoteSwiftPackageReference section */
		FCA300B92C7215190042CC69 /* XCRemoteSwiftPackageReference "AlamofireImage" */ = {
			isa = XCRemoteSwiftPackageReference;
			repositoryURL = "https://github.com/Alamofire/AlamofireImage";
			requirement = {
				kind = upToNextMajorVersion;
				minimumVersion = 4.0.0;
			};
		};
/* End XCRemoteSwiftPackageReference section */

/* Begin XCSwiftPackageProductDependency section */
		FCA300BA2C7215190042CC69 /* AlamofireImage */ = {
			isa = XCSwiftPackageProductDependency;
			package = FCA300B92C7215190042CC69 /* XCRemoteSwiftPackageReference "AlamofireImage" */;
			productName = AlamofireImage;
		};
/* End XCSwiftPackageProductDependency section */
	};
	rootObject = FC1C0C7E2C70DA980091BC59 /* Project object */;
}
